version = 1
revision = 1
requires-python = ">=3.13"

[[package]]
name = "perlin-noise"
version = "1.13"
source = { registry = "https://pypi.org/simple" }
sdist = { url = "https://files.pythonhosted.org/packages/bd/1e/571287a516c1ef00d2c65316ffa39ce1078510a015fa72c27338e3ecbfff/perlin_noise-1.13.tar.gz", hash = "sha256:0e0f074743336fbe9cf2cdbdeb74c75d43780a8b3cbc3415859cd396ab4da177", size = 6247 }
wheels = [
    { url = "https://files.pythonhosted.org/packages/4d/b2/c7bd5f926f0e2cf3a4cf21c527f6d1b8f43c84bbfcd5aa32f47c7c14cc89/perlin_noise-1.13-py3-none-any.whl", hash = "sha256:09f274c8da38f5a2a48b1626032a1b7738990df758a3bc7549ff3464869c6ca4", size = 5847 },
]

[[package]]
name = "rnoise"
version = "0.1.0"
source = { virtual = "." }
dependencies = [
    { name = "perlin-noise" },
]

[package.metadata]
requires-dist = [{ name = "perlin-noise", specifier = ">=1.13" }]
